
Microsoft Visual Studio Solution File, Format Version 12.00
# Visual Studio Version 16
VisualStudioVersion = 16.0.30406.217
MinimumVisualStudioVersion = 10.0.40219.1
Project("{FAE04EC0-301F-11D3-BF4B-00C04F79EFBC}") = "APITESt2", "APITESt2\APITESt2.csproj", "{23DA0103-C704-45E5-B8E7-CB2B234A8A1A}"
EndProject
Global
	GlobalSection(SolutionConfigurationPlatforms) = preSolution
		Debug|Any CPU = Debug|Any CPU
		Release|Any CPU = Release|Any CPU
	EndGlobalSection
	GlobalSection(ProjectConfigurationPlatforms) = postSolution
		{23DA0103-C704-45E5-B8E7-CB2B234A8A1A}.Debug|Any CPU.ActiveCfg = Debug|Any CPU
		{23DA0103-C704-45E5-B8E7-CB2B234A8A1A}.Debug|Any CPU.Build.0 = Debug|Any CPU
		{23DA0103-C704-45E5-B8E7-CB2B234A8A1A}.Release|Any CPU.ActiveCfg = Release|Any CPU
		{23DA0103-C704-45E5-B8E7-CB2B234A8A1A}.Release|Any CPU.Build.0 = Release|Any CPU
	EndGlobalSection
	GlobalSection(SolutionProperties) = preSolution
		HideSolutionNode = FALSE
	EndGlobalSection
	GlobalSection(ExtensibilityGlobals) = postSolution
		SolutionGuid = {D8CC4D37-DA1C-47D2-8A52-5F2C14B7D852}
	EndGlobalSection
EndGlobal
